
Microsoft Visual Studio Solution File, Format Version 12.00
# Visual Studio Version 17
VisualStudioVersion = 17.8.34330.188
MinimumVisualStudioVersion = 10.0.40219.1
Project("{FAE04EC0-301F-11D3-BF4B-00C04F79EFBC}") = "BotwFlagUtil", "BotwFlagUtil\BotwFlagUtil.csproj", "{5B6E2689-430D-4B68-80CB-66DFC2DDD56A}"
EndProject
Global
	GlobalSection(SolutionConfigurationPlatforms) = preSolution
		Debug|Any CPU = Debug|Any CPU
		Release|Any CPU = Release|Any CPU
	EndGlobalSection
	GlobalSection(ProjectConfigurationPlatforms) = postSolution
		{5B6E2689-430D-4B68-80CB-66DFC2DDD56A}.Debug|Any CPU.ActiveCfg = Debug|Any CPU
		{5B6E2689-430D-4B68-80CB-66DFC2DDD56A}.Debug|Any CPU.Build.0 = Debug|Any CPU
		{5B6E2689-430D-4B68-80CB-66DFC2DDD56A}.Release|Any CPU.ActiveCfg = Release|Any CPU
		{5B6E2689-430D-4B68-80CB-66DFC2DDD56A}.Release|Any CPU.Build.0 = Release|Any CPU
	EndGlobalSection
	GlobalSection(SolutionProperties) = preSolution
		HideSolutionNode = FALSE
	EndGlobalSection
	GlobalSection(ExtensibilityGlobals) = postSolution
		SolutionGuid = {D90D9898-9AFD-4797-8BE1-272857099213}
	EndGlobalSection
EndGlobal
